dependencies:
- name: opnc-integration
  repository: file://../opnc-integration
  version: 0.1.0
- name: openproject
  repository: file://../openproject
  version: 13.10.1
- name: nextcloud
  repository: https://nextcloud.github.io/helm
  version: 9.2.6
- name: xwiki
  repository: file://../xwiki
  version: 1.6.7
- name: keycloak
  repository: https://charts.bitnami.com/bitnami
  version: 24.7.7
- name: traefik
  repository: https://traefik.github.io/charts
  version: 41.2.0
digest: sha256:55d077911bd4fedbf6fd6279f798eaa99a2b1e7d5642e39177fab90fddbf9447
generated: "2026-08-20T14:30:42.63861947+05:45"
